
Microsoft Visual Studio Solution File, Format Version 12.00
# Visual Studio Version 17
VisualStudioVersion = 17.5.002.0
MinimumVisualStudioVersion = 10.0.40219.1
Project("{9A19103F-16F7-4668-BE54-9A1E7A4F7556}") = "cowsay", "cowsay.csproj", "{3F3C7588-82B5-4903-A15D-0F22E7E0B6FD}"
EndProject
Global
	GlobalSection(SolutionConfigurationPlatforms) = preSolution
		Debug|Any CPU = Debug|Any CPU
		Release|Any CPU = Release|Any CPU
	EndGlobalSection
	GlobalSection(ProjectConfigurationPlatforms) = postSolution
		{3F3C7588-82B5-4903-A15D-0F22E7E0B6FD}.Debug|Any CPU.ActiveCfg = Debug|Any CPU
		{3F3C7588-82B5-4903-A15D-0F22E7E0B6FD}.Debug|Any CPU.Build.0 = Debug|Any CPU
		{3F3C7588-82B5-4903-A15D-0F22E7E0B6FD}.Release|Any CPU.ActiveCfg = Release|Any CPU
		{3F3C7588-82B5-4903-A15D-0F22E7E0B6FD}.Release|Any CPU.Build.0 = Release|Any CPU
	EndGlobalSection
	GlobalSection(SolutionProperties) = preSolution
		HideSolutionNode = FALSE
	EndGlobalSection
	GlobalSection(ExtensibilityGlobals) = postSolution
		SolutionGuid = {93CCF58A-A9FD-42E6-A757-ABA9B3099E3E}
	EndGlobalSection
EndGlobal
